// !$*UTF8*$!
{
	archiveVersion = 1;
	classes = {
	};
	objectVersion = 46;
	objects = {

/* Begin PBXBuildFile section */
		3E79077C1A9FFF2900D639DB /* AppDelegate.swift in Sources */ = {isa = PBXBuildFile; fileRef = 3E79077B1A9FFF2900D639DB /* AppDelegate.swift */; };
		3E79077E1A9FFF2900D639DB /* ViewController.swift in Sources */ = {isa = PBXBuildFile; fileRef = 3E79077D1A9FFF2900D639DB /* ViewController.swift */; };
		3E7907811A9FFF2900D639DB /* Main.storyboard in Resources */ = {isa = PBXBuildFile; fileRef = 3E79077F1A9FFF2900D639DB /* Main.storyboard */; };
		3E7907831A9FFF2900D639DB /* Images.xcassets in Resources */ = {isa = PBXBuildFile; fileRef = 3E7907821A9FFF2900D639DB /* Images.xcassets */; };
		3E7907861A9FFF2900D639DB /* LaunchScreen.xib in Resources */ = {isa = PBXBuildFile; fileRef = 3E7907841A9FFF2900D639DB /* LaunchScreen.xib */; };
		3E7907921A9FFF2900D639DB /* StopwatchTests.swift in Sources */ = {isa = PBXBuildFile; fileRef = 3E7907911A9FFF2900D639DB /* StopwatchTests.swift */; };
/* End PBXBuildFile section */

/* Begin PBXContainerItemProxy section */
		3E79078C1A9FFF2900D639DB /* PBXContainerItemProxy */ = {
			isa = PBXContainerItemProxy;
			containerPortal = 3E79076E1A9FFF2900D639DB /* Project object */;
			proxyType = 1;
			remoteGlobalIDString = 3E7907751A9FFF2900D639DB;
			remoteInfo = Stopwatch;
		};
/* End PBXContainerItemProxy section */

/* Begin PBXFileReference section */
		3E7907761A9FFF2900D639DB /* Stopwatch.app */ = {isa = PBXFileReference; explicitFileType = wrapper.application; includeInIndex = 0; path = Stopwatch.app; sourceTree = BUILT_PRODUCTS_DIR; };
		3E79077A1A9FFF2900D639DB /* Info.plist */ = {isa = PBXFileReference; lastKnownFileType = text.plist.xml; path = Info.plist; sourceTree = "<group>"; };
		3E79077B1A9FFF2900D639DB /* AppDelegate.swift */ = {isa = PBXFileReference; lastKnownFileType = sourcecode.swift; path = AppDelegate.swift; sourceTree = "<group>"; };
		3E79077D1A9FFF2900D639DB /* ViewController.swift */ = {isa = PBXFileReference; lastKnownFileType = sourcecode.swift; path = ViewController.swift; sourceTree = "<group>"; };
		3E7907801A9FFF2900D639DB /* Base */ = {isa = PBXFileReference; lastKnownFileType = file.storyboard; name = Base; path = Base.lproj/Main.storyboard; sourceTree = "<group>"; };
		3E7907821A9FFF2900D639DB /* Images.xcassets */ = {isa = PBXFileReference; lastKnownFileType = folder.assetcatalog; path = Images.xcassets; sourceTree = "<group>"; };
		3E7907851A9FFF2900D639DB /* Base */ = {isa = PBXFileReference; lastKnownFileType = file.xib; name = Base; path = Base.lproj/LaunchScreen.xib; sourceTree = "<group>"; };
		3E79078B1A9FFF2900D639DB /* StopwatchTests.xctest */ = {isa = PBXFileReference; explicitFileType = wrapper.cfbundle; includeInIndex = 0; path = StopwatchTests.xctest; sourceTree = BUILT_PRODUCTS_DIR; };
		3E7907901A9FFF2900D639DB /* Info.plist */ = {isa = PBXFileReference; lastKnownFileType = text.plist.xml; path = Info.plist; sourceTree = "<group>"; };
		3E7907911A9FFF2900D639DB /* StopwatchTests.swift */ = {isa = PBXFileReference; lastKnownFileType = sourcecode.swift; path = StopwatchTests.swift; sourceTree = "<group>"; };
/* End PBXFileReference section */

/* Begin PBXFrameworksBuildPhase section */
		3E7907731A9FFF2900D639DB /* Frameworks */ = {
			isa = PBXFrameworksBuildPhase;
			buildActionMask = 2147483647;
			files = (
			);
			runOnlyForDeploymentPostprocessing = 0;
		};
		3E7907881A9FFF2900D639DB /* Frameworks */ = {
			isa = PBXFrameworksBuildPhase;
			buildActionMask = 2147483647;
			files = (
			);
			runOnlyForDeploymentPostprocessing = 0;
		};
/* End PBXFrameworksBuildPhase section */

/* Begin PBXGroup section */
		3E79076D1A9FFF2900D639DB = {
			isa = PBXGroup;
			children = (
				3E7907781A9FFF2900D639DB /* Stopwatch */,
				3E79078E1A9FFF2900D639DB /* StopwatchTests */,
				3E7907771A9FFF2900D639DB /* Products */,
			);
			sourceTree = "<group>";
		};
		3E7907771A9FFF2900D639DB /* Products */ = {
			isa = PBXGroup;
			children = (
				3E7907761A9FFF2900D639DB /* Stopwatch.app */,
				3E79078B1A9FFF2900D639DB /* StopwatchTests.xctest */,
			);
			name = Products;
			sourceTree = "<group>";
		};
		3E7907781A9FFF2900D639DB /* Stopwatch */ = {
			isa = PBXGroup;
			children = (
				3E79077B1A9FFF2900D639DB /* AppDelegate.swift */,
				3E79077D1A9FFF2900D639DB /* ViewController.swift */,
				3E79077F1A9FFF2900D639DB /* Main.storyboard */,
				3E7907821A9FFF2900D639DB /* Images.xcassets */,
				3E7907841A9FFF2900D639DB /* LaunchScreen.xib */,
				3E7907791A9FFF2900D639DB /* Supporting Files */,
			);
			path = Stopwatch;
			sourceTree = "<group>";
		};
		3E7907791A9FFF2900D639DB /* Supporting Files */ = {
			isa = PBXGroup;
			children = (
				3E79077A1A9FFF2900D639DB /* Info.plist */,
			);
			name = "Supporting Files";
			sourceTree = "<group>";
		};
		3E79078E1A9FFF2900D639DB /* StopwatchTests */ = {
			isa = PBXGroup;
			children = (
				3E7907911A9FFF2900D639DB /* StopwatchTests.swift */,
				3E79078F1A9FFF2900D639DB /* Supporting Files */,
			);
			path = StopwatchTests;
			sourceTree = "<group>";
		};
		3E79078F1A9FFF2900D639DB /* Supporting Files */ = {
			isa = PBXGroup;
			children = (
				3E7907901A9FFF2900D639DB /* Info.plist */,
			);
			name = "Supporting Files";
			sourceTree = "<group>";
		};
/* End PBXGroup section */

/* Begin PBXNativeTarget section */
		3E7907751A9FFF2900D639DB /* Stopwatch */ = {
			isa = PBXNativeTarget;
			buildConfigurationList = 3E7907951A9FFF2900D639DB /* Build configuration list for PBXNativeTarget "Stopwatch" */;
			buildPhases = (
				3E7907721A9FFF2900D639DB /* Sources */,
				3E7907731A9FFF2900D639DB /* Frameworks */,
				3E7907741A9FFF2900D639DB /* Resources */,
			);
			buildRules = (
			);
			dependencies = (
			);
			name = Stopwatch;
			productName = Stopwatch;
			productReference = 3E7907761A9FFF2900D639DB /* Stopwatch.app */;
			productType = "com.apple.product-type.application";
		};
		3E79078A1A9FFF2900D639DB /* StopwatchTests */ = {
			isa = PBXNativeTarget;
			buildConfigurationList = 3E7907981A9FFF2900D639DB /* Build configuration list for PBXNativeTarget "StopwatchTests" */;
			buildPhases = (
				3E7907871A9FFF2900D639DB /* Sources */,
				3E7907881A9FFF2900D639DB /* Frameworks */,
				3E7907891A9FFF2900D639DB /* Resources */,
			);
			buildRules = (
			);
			dependencies = (
				3E79078D1A9FFF2900D639DB /* PBXTargetDependency */,
			);
			name = StopwatchTests;
			productName = StopwatchTests;
			productReference = 3E79078B1A9FFF2900D639DB /* StopwatchTests.xctest */;
			productType = "com.apple.product-type.bundle.unit-test";
		};
/* End PBXNativeTarget section */

/* Begin PBXProject section */
		3E79076E1A9FFF2900D639DB /* Project object */ = {
			isa = PBXProject;
			attributes = {
				LastUpgradeCheck = 0610;
				ORGANIZATIONNAME = "Hello HQ Pte Ltd";
				TargetAttributes = {
					3E7907751A9FFF2900D639DB = {
						CreatedOnToolsVersion = 6.1.1;
					};
					3E79078A1A9FFF2900D639DB = {
						CreatedOnToolsVersion = 6.1.1;
						TestTargetID = 3E7907751A9FFF2900D639DB;
					};
				};
			};
			buildConfigurationList = 3E7907711A9FFF2900D639DB /* Build configuration list for PBXProject "Stopwatch" */;
			compatibilityVersion = "Xcode 3.2";
			developmentRegion = English;
			hasScannedForEncodings = 0;
			knownRegions = (
				en,
				Base,
			);
			mainGroup = 3E79076D1A9FFF2900D639DB;
			productRefGroup = 3E7907771A9FFF2900D639DB /* Products */;
			projectDirPath = "";
			projectRoot = "";
			targets = (
				3E7907751A9FFF2900D639DB /* Stopwatch */,
				3E79078A1A9FFF2900D639DB /* StopwatchTests */,
			);
		};
/* End PBXProject section */

/* Begin PBXResourcesBuildPhase section */
		3E7907741A9FFF2900D639DB /* Resources */ = {
			isa = PBXResourcesBuildPhase;
			buildActionMask = 2147483647;
			files = (
				3E7907811A9FFF2900D639DB /* Main.storyboard in Resources */,
				3E7907861A9FFF2900D639DB /* LaunchScreen.xib in Resources */,
				3E7907831A9FFF2900D639DB /* Images.xcassets in Resources */,
			);
			runOnlyForDeploymentPostprocessing = 0;
		};
		3E7907891A9FFF2900D639DB /* Resources */ = {
			isa = PBXResourcesBuildPhase;
			buildActionMask = 2147483647;
			files = (
			);
			runOnlyForDeploymentPostprocessing = 0;
		};
/* End PBXResourcesBuildPhase section */

/* Begin PBXSourcesBuildPhase section */
		3E7907721A9FFF2900D639DB /* Sources */ = {
			isa = PBXSourcesBuildPhase;
			buildActionMask = 2147483647;
			files = (
				3E79077E1A9FFF2900D639DB /* ViewController.swift in Sources */,
				3E79077C1A9FFF2900D639DB /* AppDelegate.swift in Sources */,
			);
			runOnlyForDeploymentPostprocessing = 0;
		};
		3E7907871A9FFF2900D639DB /* Sources */ = {
			isa = PBXSourcesBuildPhase;
			buildActionMask = 2147483647;
			files = (
				3E7907921A9FFF2900D639DB /* StopwatchTests.swift in Sources */,
			);
			runOnlyForDeploymentPostprocessing = 0;
		};
/* End PBXSourcesBuildPhase section */

/* Begin PBXTargetDependency section */
		3E79078D1A9FFF2900D639DB /* PBXTargetDependency */ = {
			isa = PBXTargetDependency;
			target = 3E7907751A9FFF2900D639DB /* Stopwatch */;
			targetProxy = 3E79078C1A9FFF2900D639DB /* PBXContainerItemProxy */;
		};
/* End PBXTargetDependency section */

/* Begin PBXVariantGroup section */
		3E79077F1A9FFF2900D639DB /* Main.storyboard */ = {
			isa = PBXVariantGroup;
			children = (
				3E7907801A9FFF2900D639DB /* Base */,
			);
			name = Main.storyboard;
			sourceTree = "<group>";
		};
		3E7907841A9FFF2900D639DB /* LaunchScreen.xib */ = {
			isa = PBXVariantGroup;
			children = (
				3E7907851A9FFF2900D639DB /* Base */,
			);
			name = LaunchScreen.xib;
			sourceTree = "<group>";
		};
/* End PBXVariantGroup section */

/* Begin XCBuildConfiguration section */
		3E7907931A9FFF2900D639DB /* Debug */ = {
			isa = XCBuildConfiguration;
			buildSettings = {
				ALWAYS_SEARCH_USER_PATHS = NO;
				CLANG_CXX_LANGUAGE_STANDARD = "gnu++0x";
				CLANG_CXX_LIBRARY = "libc++";
				CLANG_ENABLE_MODULES = YES;
				CLANG_ENABLE_OBJC_ARC = YES;
				CLANG_WARN_BOOL_CONVERSION = YES;
				CLANG_WARN_CONSTANT_CONVERSION = YES;
				CLANG_WARN_DIRECT_OBJC_ISA_USAGE = YES_ERROR;
				CLANG_WARN_EMPTY_BODY = YES;
				CLANG_WARN_ENUM_CONVERSION = YES;
				CLANG_WARN_INT_CONVERSION = YES;
				CLANG_WARN_OBJC_ROOT_CLASS = YES_ERROR;
				CLANG_WARN_UNREACHABLE_CODE = YES;
				CLANG_WARN__DUPLICATE_METHOD_MATCH = YES;
				"CODE_SIGN_IDENTITY[sdk=iphoneos*]" = "iPhone Developer";
				COPY_PHASE_STRIP = NO;
				ENABLE_STRICT_OBJC_MSGSEND = YES;
				GCC_C_LANGUAGE_STANDARD = gnu99;
				GCC_DYNAMIC_NO_PIC = NO;
				GCC_OPTIMIZATION_LEVEL = 0;
				GCC_PREPROCESSOR_DEFINITIONS = (
					"DEBUG=1",
					"$(inherited)",
				);
				GCC_SYMBOLS_PRIVATE_EXTERN = NO;
				GCC_WARN_64_TO_32_BIT_CONVERSION = YES;
				GCC_WARN_ABOUT_RETURN_TYPE = YES_ERROR;
				GCC_WARN_UNDECLARED_SELECTOR = YES;
				GCC_WARN_UNINITIALIZED_AUTOS = YES_AGGRESSIVE;
				GCC_WARN_UNUSED_FUNCTION = YES;
				GCC_WARN_UNUSED_VARIABLE = YES;
				IPHONEOS_DEPLOYMENT_TARGET = 8.1;
				MTL_ENABLE_DEBUG_INFO = YES;
				ONLY_ACTIVE_ARCH = YES;
				SDKROOT = iphoneos;
				SWIFT_OPTIMIZATION_LEVEL = "-Onone";
				TARGETED_DEVICE_FAMILY = "1,2";
			};
			name = Debug;
		};
		3E7907941A9FFF2900D639DB /* Release */ = {
			isa = XCBuildConfiguration;
			buildSettings = {
				ALWAYS_SEARCH_USER_PATHS = NO;
				CLANG_CXX_LANGUAGE_STANDARD = "gnu++0x";
				CLANG_CXX_LIBRARY = "libc++";
				CLANG_ENABLE_MODULES = YES;
				CLANG_ENABLE_OBJC_ARC = YES;
				CLANG_WARN_BOOL_CONVERSION = YES;
				CLANG_WARN_CONSTANT_CONVERSION = YES;
				CLANG_WARN_DIRECT_OBJC_ISA_USAGE = YES_ERROR;
				CLANG_WARN_EMPTY_BODY = YES;
				CLANG_WARN_ENUM_CONVERSION = YES;
				CLANG_WARN_INT_CONVERSION = YES;
				CLANG_WARN_OBJC_ROOT_CLASS = YES_ERROR;
				CLANG_WARN_UNREACHABLE_CODE = YES;
				CLANG_WARN__DUPLICATE_METHOD_MATCH = YES;
				"CODE_SIGN_IDENTITY[sdk=iphoneos*]" = "iPhone Developer";
				COPY_PHASE_STRIP = YES;
				ENABLE_NS_ASSERTIONS = NO;
				ENABLE_STRICT_OBJC_MSGSEND = YES;
				GCC_C_LANGUAGE_STANDARD = gnu99;
				GCC_WARN_64_TO_32_BIT_CONVERSION = YES;
				GCC_WARN_ABOUT_RETURN_TYPE = YES_ERROR;
				GCC_WARN_UNDECLARED_SELECTOR = YES;
				GCC_WARN_UNINITIALIZED_AUTOS = YES_AGGRESSIVE;
				GCC_WARN_UNUSED_FUNCTION = YES;
				GCC_WARN_UNUSED_VARIABLE = YES;
				IPHONEOS_DEPLOYMENT_TARGET = 8.1;
				MTL_ENABLE_DEBUG_INFO = NO;
				SDKROOT = iphoneos;
				TARGETED_DEVICE_FAMILY = "1,2";
				VALIDATE_PRODUCT = YES;
			};
			name = Release;
		};
		3E7907961A9FFF2900D639DB /* Debug */ = {
			isa = XCBuildConfiguration;
			buildSettings = {
				ASSETCATALOG_COMPILER_APPICON_NAME = AppIcon;
				INFOPLIST_FILE = Stopwatch/Info.plist;
				LD_RUNPATH_SEARCH_PATHS = "$(inherited) @executable_path/Frameworks";
				PRODUCT_NAME = "$(TARGET_NAME)";
			};
			name = Debug;
		};
		3E7907971A9FFF2900D639DB /* Release */ = {
			isa = XCBuildConfiguration;
			buildSettings = {
				ASSETCATALOG_COMPILER_APPICON_NAME = AppIcon;
				INFOPLIST_FILE = Stopwatch/Info.plist;
				LD_RUNPATH_SEARCH_PATHS = "$(inherited) @executable_path/Frameworks";
				PRODUCT_NAME = "$(TARGET_NAME)";
			};
			name = Release;
		};
		3E7907991A9FFF2900D639DB /* Debug */ = {
			isa = XCBuildConfiguration;
			buildSettings = {
				BUNDLE_LOADER = "$(TEST_HOST)";
				FRAMEWORK_SEARCH_PATHS = (
					"$(SDKROOT)/Developer/Library/Frameworks",
					"$(inherited)",
				);
				GCC_PREPROCESSOR_DEFINITIONS = (
					"DEBUG=1",
					"$(inherited)",
				);
				INFOPLIST_FILE = StopwatchTests/Info.plist;
				LD_RUNPATH_SEARCH_PATHS = "$(inherited) @executable_path/Frameworks @loader_path/Frameworks";
				PRODUCT_NAME = "$(TARGET_NAME)";
				TEST_HOST = "$(BUILT_PRODUCTS_DIR)/Stopwatch.app/Stopwatch";
			};
			name = Debug;
		};
		3E79079A1A9FFF2900D639DB /* Release */ = {
			isa = XCBuildConfiguration;
			buildSettings = {
				BUNDLE_LOADER = "$(TEST_HOST)";
				FRAMEWORK_SEARCH_PATHS = (
					"$(SDKROOT)/Developer/Library/Frameworks",
					"$(inherited)",
				);
				INFOPLIST_FILE = StopwatchTests/Info.plist;
				LD_RUNPATH_SEARCH_PATHS = "$(inherited) @executable_path/Frameworks @loader_path/Frameworks";
				PRODUCT_NAME = "$(TARGET_NAME)";
				TEST_HOST = "$(BUILT_PRODUCTS_DIR)/Stopwatch.app/Stopwatch";
			};
			name = Release;
		};
/* End XCBuildConfiguration section */

/* Begin XCConfigurationList section */
		3E7907711A9FFF2900D639DB /* Build configuration list for PBXProject "Stopwatch" */ = {
			isa = XCConfigurationList;
			buildConfigurations = (
				3E7907931A9FFF2900D639DB /* Debug */,
				3E7907941A9FFF2900D639DB /* Release */,
			);
			defaultConfigurationIsVisible = 0;
			defaultConfigurationName = Release;
		};
		3E7907951A9FFF2900D639DB /* Build configuration list for PBXNativeTarget "Stopwatch" */ = {
			isa = XCConfigurationList;
			buildConfigurations = (
				3E7907961A9FFF2900D639DB /* Debug */,
				3E7907971A9FFF2900D639DB /* Release */,
			);
			defaultConfigurationIsVisible = 0;
		};
		3E7907981A9FFF2900D639DB /* Build configuration list for PBXNativeTarget "StopwatchTests" */ = {
			isa = XCConfigurationList;
			buildConfigurations = (
				3E7907991A9FFF2900D639DB /* Debug */,
				3E79079A1A9FFF2900D639DB /* Release */,
			);
			defaultConfigurationIsVisible = 0;
		};
/* End XCConfigurationList section */
	};
	rootObject = 3E79076E1A9FFF2900D639DB /* Project object */;
}
